
Microsoft Visual Studio Solution File, Format Version 12.00
# Visual Studio 15
VisualStudioVersion = 15.0.28010.2026
MinimumVisualStudioVersion = 10.0.40219.1
Project("{8BC9CEB8-8B4A-11D0-8D11-00A0C91BC942}") = "OOP1", "OOP1\OOP1.vcxproj", "{C8241FFB-D959-4C13-A01D-5CD8D12F9E95}"
EndProject
Global
	GlobalSection(SolutionConfigurationPlatforms) = preSolution
		Debug|x64 = Debug|x64
		Debug|x86 = Debug|x86
		Release|x64 = Release|x64
		Release|x86 = Release|x86
	EndGlobalSection
	GlobalSection(ProjectConfigurationPlatforms) = postSolution
		{C8241FFB-D959-4C13-A01D-5CD8D12F9E95}.Debug|x64.ActiveCfg = Debug|x64
		{C8241FFB-D959-4C13-A01D-5CD8D12F9E95}.Debug|x64.Build.0 = Debug|x64
		{C8241FFB-D959-4C13-A01D-5CD8D12F9E95}.Debug|x86.ActiveCfg = Debug|Win32
		{C8241FFB-D959-4C13-A01D-5CD8D12F9E95}.Debug|x86.Build.0 = Debug|Win32
		{C8241FFB-D959-4C13-A01D-5CD8D12F9E95}.Release|x64.ActiveCfg = Release|x64
		{C8241FFB-D959-4C13-A01D-5CD8D12F9E95}.Release|x64.Build.0 = Release|x64
		{C8241FFB-D959-4C13-A01D-5CD8D12F9E95}.Release|x86.ActiveCfg = Release|Win32
		{C8241FFB-D959-4C13-A01D-5CD8D12F9E95}.Release|x86.Build.0 = Release|Win32
	EndGlobalSection
	GlobalSection(SolutionProperties) = preSolution
		HideSolutionNode = FALSE
	EndGlobalSection
	GlobalSection(ExtensibilityGlobals) = postSolution
		SolutionGuid = {0D7351E7-FE8B-4FE0-B833-D9790D1F602F}
	EndGlobalSection
EndGlobal
